// !$*UTF8*$!
{
	archiveVersion = 1;
	classes = {
	};
	objectVersion = 55;
	objects = {

/* Begin PBXBuildFile section */
		63D942ABEB0838AFC29B0A31 /* Pods_own_exhibitionTests.framework in Frameworks */ = {isa = PBXBuildFile; fileRef = E5EC47743B90C6D64BDFE17B /* Pods_own_exhibitionTests.framework */; };
		68A26165290DB4D10036DF42 /* Extension_UIView.swift in Sources */ = {isa = PBXBuildFile; fileRef = 68A26164290DB4D10036DF42 /* Extension_UIView.swift */; };
		68B54471290D2B8F00A9F71A /* MyPage.storyboard in Resources */ = {isa = PBXBuildFile; fileRef = 68B54470290D2B8F00A9F71A /* MyPage.storyboard */; };
		68B54473290D2BA000A9F71A /* MyPageViewController.swift in Sources */ = {isa = PBXBuildFile; fileRef = 68B54472290D2BA000A9F71A /* MyPageViewController.swift */; };
		68B54475290D2BB500A9F71A /* MyPageViewModel.swift in Sources */ = {isa = PBXBuildFile; fileRef = 68B54474290D2BB500A9F71A /* MyPageViewModel.swift */; };
		9B4ED1BD7AE3557D41B06928 /* Pods_own_exhibition_own_exhibitionUITests.framework in Frameworks */ = {isa = PBXBuildFile; fileRef = 6CB026F896B3ABD4A15C0AE7 /* Pods_own_exhibition_own_exhibitionUITests.framework */; };
		CDF791247FA081D1DD955951 /* Pods_own_exhibition.framework in Frameworks */ = {isa = PBXBuildFile; fileRef = ED7475A1327DEDCAB313564A /* Pods_own_exhibition.framework */; };
		E805F2AC2901528000D75FA3 /* HomeViewModel.swift in Sources */ = {isa = PBXBuildFile; fileRef = E805F2AB2901528000D75FA3 /* HomeViewModel.swift */; };
		E805F2AE290152A200D75FA3 /* ViewModelType.swift in Sources */ = {isa = PBXBuildFile; fileRef = E805F2AD290152A200D75FA3 /* ViewModelType.swift */; };
		E805F2B0290159DA00D75FA3 /* Instantiatable.swift in Sources */ = {isa = PBXBuildFile; fileRef = E805F2AF290159DA00D75FA3 /* Instantiatable.swift */; };
		E805F2B6290187F700D75FA3 /* MainTabBarController.swift in Sources */ = {isa = PBXBuildFile; fileRef = E805F2B4290187F700D75FA3 /* MainTabBarController.swift */; };
		E805F2BA2901944800D75FA3 /* Exhibition.swift in Sources */ = {isa = PBXBuildFile; fileRef = E805F2B92901944800D75FA3 /* Exhibition.swift */; };
		E805F2BE2901959E00D75FA3 /* GeoCoordinate.swift in Sources */ = {isa = PBXBuildFile; fileRef = E805F2BD2901959E00D75FA3 /* GeoCoordinate.swift */; };
		E805F2C22901977300D75FA3 /* ExhibitionTableViewCell.swift in Sources */ = {isa = PBXBuildFile; fileRef = E805F2C02901977300D75FA3 /* ExhibitionTableViewCell.swift */; };
		E805F2C32901977300D75FA3 /* ExhibitionTableViewCell.xib in Resources */ = {isa = PBXBuildFile; fileRef = E805F2C12901977300D75FA3 /* ExhibitionTableViewCell.xib */; };
		E805F2C72901AAFC00D75FA3 /* Reusable.swift in Sources */ = {isa = PBXBuildFile; fileRef = E805F2C62901AAFC00D75FA3 /* Reusable.swift */; };
		E8A1ADD928EBDD1600A360FA /* AppDelegate.swift in Sources */ = {isa = PBXBuildFile; fileRef = E8A1ADD828EBDD1600A360FA /* AppDelegate.swift */; };
		E8A1ADDB28EBDD1600A360FA /* SceneDelegate.swift in Sources */ = {isa = PBXBuildFile; fileRef = E8A1ADDA28EBDD1600A360FA /* SceneDelegate.swift */; };
		E8A1ADDD28EBDD1600A360FA /* HomeViewController.swift in Sources */ = {isa = PBXBuildFile; fileRef = E8A1ADDC28EBDD1600A360FA /* HomeViewController.swift */; };
		E8A1ADE028EBDD1600A360FA /* Home.storyboard in Resources */ = {isa = PBXBuildFile; fileRef = E8A1ADDE28EBDD1600A360FA /* Home.storyboard */; };
		E8A1ADE228EBDD1800A360FA /* Assets.xcassets in Resources */ = {isa = PBXBuildFile; fileRef = E8A1ADE128EBDD1800A360FA /* Assets.xcassets */; };
		E8A1ADE528EBDD1800A360FA /* LaunchScreen.storyboard in Resources */ = {isa = PBXBuildFile; fileRef = E8A1ADE328EBDD1800A360FA /* LaunchScreen.storyboard */; };
		E8A1ADF028EBDD1900A360FA /* own_exhibitionTests.swift in Sources */ = {isa = PBXBuildFile; fileRef = E8A1ADEF28EBDD1900A360FA /* own_exhibitionTests.swift */; };
		E8A1ADFA28EBDD1900A360FA /* own_exhibitionUITests.swift in Sources */ = {isa = PBXBuildFile; fileRef = E8A1ADF928EBDD1900A360FA /* own_exhibitionUITests.swift */; };
		E8A1ADFC28EBDD1900A360FA /* own_exhibitionUITestsLaunchTests.swift in Sources */ = {isa = PBXBuildFile; fileRef = E8A1ADFB28EBDD1900A360FA /* own_exhibitionUITestsLaunchTests.swift */; };
/* End PBXBuildFile section */

/* Begin PBXContainerItemProxy section */
		E8A1ADEC28EBDD1900A360FA /* PBXContainerItemProxy */ = {
			isa = PBXContainerItemProxy;
			containerPortal = E8A1ADCD28EBDD1600A360FA /* Project object */;
			proxyType = 1;
			remoteGlobalIDString = E8A1ADD428EBDD1600A360FA;
			remoteInfo = "own-exhibition";
		};
		E8A1ADF628EBDD1900A360FA /* PBXContainerItemProxy */ = {
			isa = PBXContainerItemProxy;
			containerPortal = E8A1ADCD28EBDD1600A360FA /* Project object */;
			proxyType = 1;
			remoteGlobalIDString = E8A1ADD428EBDD1600A360FA;
			remoteInfo = "own-exhibition";
		};
/* End PBXContainerItemProxy section */

/* Begin PBXFileReference section */
		0DB22A055785C1255AEF29FB /* Pods-own-exhibition.debug.xcconfig */ = {isa = PBXFileReference; includeInIndex = 1; lastKnownFileType = text.xcconfig; name = "Pods-own-exhibition.debug.xcconfig"; path = "Target Support Files/Pods-own-exhibition/Pods-own-exhibition.debug.xcconfig"; sourceTree = "<group>"; };
		68A26164290DB4D10036DF42 /* Extension_UIView.swift */ = {isa = PBXFileReference; lastKnownFileType = sourcecode.swift; name = Extension_UIView.swift; path = "own-exhibition/Presentation/Common/Extension_UIView.swift"; sourceTree = SOURCE_ROOT; };
		68B54470290D2B8F00A9F71A /* MyPage.storyboard */ = {isa = PBXFileReference; fileEncoding = 4; lastKnownFileType = file.storyboard; name = MyPage.storyboard; path = "own-exhibition/Presentation/Scenes/MyPage/MyPage.storyboard"; sourceTree = SOURCE_ROOT; };
		68B54472290D2BA000A9F71A /* MyPageViewController.swift */ = {isa = PBXFileReference; fileEncoding = 4; lastKnownFileType = sourcecode.swift; name = MyPageViewController.swift; path = "own-exhibition/Presentation/Scenes/MyPage/MyPageViewController.swift"; sourceTree = SOURCE_ROOT; };
		68B54474290D2BB500A9F71A /* MyPageViewModel.swift */ = {isa = PBXFileReference; fileEncoding = 4; lastKnownFileType = sourcecode.swift; name = MyPageViewModel.swift; path = "own-exhibition/Presentation/Scenes/MyPage/MyPageViewModel.swift"; sourceTree = SOURCE_ROOT; };
		6CB026F896B3ABD4A15C0AE7 /* Pods_own_exhibition_own_exhibitionUITests.framework */ = {isa = PBXFileReference; explicitFileType = wrapper.framework; includeInIndex = 0; path = Pods_own_exhibition_own_exhibitionUITests.framework; sourceTree = BUILT_PRODUCTS_DIR; };
		7D80086B259071292172662B /* Pods-own-exhibitionTests.release.xcconfig */ = {isa = PBXFileReference; includeInIndex = 1; lastKnownFileType = text.xcconfig; name = "Pods-own-exhibitionTests.release.xcconfig"; path = "Target Support Files/Pods-own-exhibitionTests/Pods-own-exhibitionTests.release.xcconfig"; sourceTree = "<group>"; };
		B1C0DEA57AE1F31E20FFB3F8 /* Pods-own-exhibition-own-exhibitionUITests.release.xcconfig */ = {isa = PBXFileReference; includeInIndex = 1; lastKnownFileType = text.xcconfig; name = "Pods-own-exhibition-own-exhibitionUITests.release.xcconfig"; path = "Target Support Files/Pods-own-exhibition-own-exhibitionUITests/Pods-own-exhibition-own-exhibitionUITests.release.xcconfig"; sourceTree = "<group>"; };
		B34BA56686DEFE9E50EACE4C /* Pods-own-exhibition-own-exhibitionUITests.debug.xcconfig */ = {isa = PBXFileReference; includeInIndex = 1; lastKnownFileType = text.xcconfig; name = "Pods-own-exhibition-own-exhibitionUITests.debug.xcconfig"; path = "Target Support Files/Pods-own-exhibition-own-exhibitionUITests/Pods-own-exhibition-own-exhibitionUITests.debug.xcconfig"; sourceTree = "<group>"; };
		D6E8EBDF715CB340B3AEBDF3 /* Pods-own-exhibitionTests.debug.xcconfig */ = {isa = PBXFileReference; includeInIndex = 1; lastKnownFileType = text.xcconfig; name = "Pods-own-exhibitionTests.debug.xcconfig"; path = "Target Support Files/Pods-own-exhibitionTests/Pods-own-exhibitionTests.debug.xcconfig"; sourceTree = "<group>"; };
		E5E722FB0506808F9D489C0D /* Pods-own-exhibition.release.xcconfig */ = {isa = PBXFileReference; includeInIndex = 1; lastKnownFileType = text.xcconfig; name = "Pods-own-exhibition.release.xcconfig"; path = "Target Support Files/Pods-own-exhibition/Pods-own-exhibition.release.xcconfig"; sourceTree = "<group>"; };
		E5EC47743B90C6D64BDFE17B /* Pods_own_exhibitionTests.framework */ = {isa = PBXFileReference; explicitFileType = wrapper.framework; includeInIndex = 0; path = Pods_own_exhibitionTests.framework; sourceTree = BUILT_PRODUCTS_DIR; };
		E805F2AB2901528000D75FA3 /* HomeViewModel.swift */ = {isa = PBXFileReference; lastKnownFileType = sourcecode.swift; path = HomeViewModel.swift; sourceTree = "<group>"; };
		E805F2AD290152A200D75FA3 /* ViewModelType.swift */ = {isa = PBXFileReference; lastKnownFileType = sourcecode.swift; path = ViewModelType.swift; sourceTree = "<group>"; };
		E805F2AF290159DA00D75FA3 /* Instantiatable.swift */ = {isa = PBXFileReference; lastKnownFileType = sourcecode.swift; path = Instantiatable.swift; sourceTree = "<group>"; };
		E805F2B4290187F700D75FA3 /* MainTabBarController.swift */ = {isa = PBXFileReference; lastKnownFileType = sourcecode.swift; path = MainTabBarController.swift; sourceTree = "<group>"; };
		E805F2B92901944800D75FA3 /* Exhibition.swift */ = {isa = PBXFileReference; lastKnownFileType = sourcecode.swift; path = Exhibition.swift; sourceTree = "<group>"; };
		E805F2BD2901959E00D75FA3 /* GeoCoordinate.swift */ = {isa = PBXFileReference; lastKnownFileType = sourcecode.swift; path = GeoCoordinate.swift; sourceTree = "<group>"; };
		E805F2C02901977300D75FA3 /* ExhibitionTableViewCell.swift */ = {isa = PBXFileReference; lastKnownFileType = sourcecode.swift; path = ExhibitionTableViewCell.swift; sourceTree = "<group>"; };
		E805F2C12901977300D75FA3 /* ExhibitionTableViewCell.xib */ = {isa = PBXFileReference; lastKnownFileType = file.xib; path = ExhibitionTableViewCell.xib; sourceTree = "<group>"; };
		E805F2C62901AAFC00D75FA3 /* Reusable.swift */ = {isa = PBXFileReference; lastKnownFileType = sourcecode.swift; path = Reusable.swift; sourceTree = "<group>"; };
		E8A1ADD528EBDD1600A360FA /* own-exhibition.app */ = {isa = PBXFileReference; explicitFileType = wrapper.application; includeInIndex = 0; path = "own-exhibition.app"; sourceTree = BUILT_PRODUCTS_DIR; };
		E8A1ADD828EBDD1600A360FA /* AppDelegate.swift */ = {isa = PBXFileReference; lastKnownFileType = sourcecode.swift; path = AppDelegate.swift; sourceTree = "<group>"; };
		E8A1ADDA28EBDD1600A360FA /* SceneDelegate.swift */ = {isa = PBXFileReference; lastKnownFileType = sourcecode.swift; path = SceneDelegate.swift; sourceTree = "<group>"; };
		E8A1ADDC28EBDD1600A360FA /* HomeViewController.swift */ = {isa = PBXFileReference; lastKnownFileType = sourcecode.swift; path = HomeViewController.swift; sourceTree = "<group>"; };
		E8A1ADDF28EBDD1600A360FA /* Base */ = {isa = PBXFileReference; lastKnownFileType = file.storyboard; name = Base; path = Base.lproj/Home.storyboard; sourceTree = "<group>"; };
		E8A1ADE128EBDD1800A360FA /* Assets.xcassets */ = {isa = PBXFileReference; lastKnownFileType = folder.assetcatalog; path = Assets.xcassets; sourceTree = "<group>"; };
		E8A1ADE428EBDD1800A360FA /* Base */ = {isa = PBXFileReference; lastKnownFileType = file.storyboard; name = Base; path = Base.lproj/LaunchScreen.storyboard; sourceTree = "<group>"; };
		E8A1ADE628EBDD1800A360FA /* Info.plist */ = {isa = PBXFileReference; lastKnownFileType = text.plist.xml; name = Info.plist; path = "own-exhibition/Resources/Info.plist"; sourceTree = SOURCE_ROOT; };
		E8A1ADEB28EBDD1900A360FA /* own-exhibitionTests.xctest */ = {isa = PBXFileReference; explicitFileType = wrapper.cfbundle; includeInIndex = 0; path = "own-exhibitionTests.xctest"; sourceTree = BUILT_PRODUCTS_DIR; };
		E8A1ADEF28EBDD1900A360FA /* own_exhibitionTests.swift */ = {isa = PBXFileReference; lastKnownFileType = sourcecode.swift; path = own_exhibitionTests.swift; sourceTree = "<group>"; };
		E8A1ADF528EBDD1900A360FA /* own-exhibitionUITests.xctest */ = {isa = PBXFileReference; explicitFileType = wrapper.cfbundle; includeInIndex = 0; path = "own-exhibitionUITests.xctest"; sourceTree = BUILT_PRODUCTS_DIR; };
		E8A1ADF928EBDD1900A360FA /* own_exhibitionUITests.swift */ = {isa = PBXFileReference; lastKnownFileType = sourcecode.swift; path = own_exhibitionUITests.swift; sourceTree = "<group>"; };
		E8A1ADFB28EBDD1900A360FA /* own_exhibitionUITestsLaunchTests.swift */ = {isa = PBXFileReference; lastKnownFileType = sourcecode.swift; path = own_exhibitionUITestsLaunchTests.swift; sourceTree = "<group>"; };
		ED7475A1327DEDCAB313564A /* Pods_own_exhibition.framework */ = {isa = PBXFileReference; explicitFileType = wrapper.framework; includeInIndex = 0; path = Pods_own_exhibition.framework; sourceTree = BUILT_PRODUCTS_DIR; };
/* End PBXFileReference section */

/* Begin PBXFrameworksBuildPhase section */
		E8A1ADD228EBDD1600A360FA /* Frameworks */ = {
			isa = PBXFrameworksBuildPhase;
			buildActionMask = 2147483647;
			files = (
				CDF791247FA081D1DD955951 /* Pods_own_exhibition.framework in Frameworks */,
			);
			runOnlyForDeploymentPostprocessing = 0;
		};
		E8A1ADE828EBDD1900A360FA /* Frameworks */ = {
			isa = PBXFrameworksBuildPhase;
			buildActionMask = 2147483647;
			files = (
				63D942ABEB0838AFC29B0A31 /* Pods_own_exhibitionTests.framework in Frameworks */,
			);
			runOnlyForDeploymentPostprocessing = 0;
		};
		E8A1ADF228EBDD1900A360FA /* Frameworks */ = {
			isa = PBXFrameworksBuildPhase;
			buildActionMask = 2147483647;
			files = (
				9B4ED1BD7AE3557D41B06928 /* Pods_own_exhibition_own_exhibitionUITests.framework in Frameworks */,
			);
			runOnlyForDeploymentPostprocessing = 0;
		};
/* End PBXFrameworksBuildPhase section */

/* Begin PBXGroup section */
		32719B73FE0D288EAB5FECF3 /* Pods */ = {
			isa = PBXGroup;
			children = (
				0DB22A055785C1255AEF29FB /* Pods-own-exhibition.debug.xcconfig */,
				E5E722FB0506808F9D489C0D /* Pods-own-exhibition.release.xcconfig */,
				B34BA56686DEFE9E50EACE4C /* Pods-own-exhibition-own-exhibitionUITests.debug.xcconfig */,
				B1C0DEA57AE1F31E20FFB3F8 /* Pods-own-exhibition-own-exhibitionUITests.release.xcconfig */,
				D6E8EBDF715CB340B3AEBDF3 /* Pods-own-exhibitionTests.debug.xcconfig */,
				7D80086B259071292172662B /* Pods-own-exhibitionTests.release.xcconfig */,
			);
			path = Pods;
			sourceTree = "<group>";
		};
		6893BBAB290FE54B0064226D /* MyPage */ = {
			isa = PBXGroup;
			children = (
				68B54470290D2B8F00A9F71A /* MyPage.storyboard */,
				68B54472290D2BA000A9F71A /* MyPageViewController.swift */,
				68B54474290D2BB500A9F71A /* MyPageViewModel.swift */,
			);
			path = MyPage;
			sourceTree = "<group>";
		};
		8909A5333C04520C03316C6D /* Frameworks */ = {
			isa = PBXGroup;
			children = (
				ED7475A1327DEDCAB313564A /* Pods_own_exhibition.framework */,
				6CB026F896B3ABD4A15C0AE7 /* Pods_own_exhibition_own_exhibitionUITests.framework */,
				E5EC47743B90C6D64BDFE17B /* Pods_own_exhibitionTests.framework */,
			);
			name = Frameworks;
			sourceTree = "<group>";
		};
		DA41F6DD290F845D008ED455 /* Utils */ = {
			isa = PBXGroup;
			children = (
				E805F2BD2901959E00D75FA3 /* GeoCoordinate.swift */,
			);
			path = Utils;
			sourceTree = "<group>";
		};
		E805F2B3290187D100D75FA3 /* Protocols */ = {
			isa = PBXGroup;
			children = (
				E805F2AD290152A200D75FA3 /* ViewModelType.swift */,
				E805F2AF290159DA00D75FA3 /* Instantiatable.swift */,
				E805F2C62901AAFC00D75FA3 /* Reusable.swift */,
			);
			path = Protocols;
			sourceTree = "<group>";
		};
		E805F2B8290187FB00D75FA3 /* TabBarController */ = {
			isa = PBXGroup;
			children = (
				E805F2B4290187F700D75FA3 /* MainTabBarController.swift */,
			);
			path = TabBarController;
			sourceTree = "<group>";
		};
		E805F2BB2901944E00D75FA3 /* Entities */ = {
			isa = PBXGroup;
			children = (
				E805F2B92901944800D75FA3 /* Exhibition.swift */,
				DA41F6DD290F845D008ED455 /* Utils */,
			);
			path = Entities;
			sourceTree = "<group>";
		};
		E805F2BC2901952400D75FA3 /* Utils */ = {
			isa = PBXGroup;
			children = (
			);
			path = Utils;
			sourceTree = "<group>";
		};
		E805F2BF2901972800D75FA3 /* Cell */ = {
			isa = PBXGroup;
			children = (
				E805F2C02901977300D75FA3 /* ExhibitionTableViewCell.swift */,
				E805F2C12901977300D75FA3 /* ExhibitionTableViewCell.xib */,
			);
			path = Cell;
			sourceTree = "<group>";
		};
		E8A1ADCC28EBDD1600A360FA = {
			isa = PBXGroup;
			children = (
				E8A1ADD728EBDD1600A360FA /* own-exhibition */,
				E8A1ADEE28EBDD1900A360FA /* own-exhibitionTests */,
				E8A1ADF828EBDD1900A360FA /* own-exhibitionUITests */,
				E8A1ADD628EBDD1600A360FA /* Products */,
				32719B73FE0D288EAB5FECF3 /* Pods */,
				8909A5333C04520C03316C6D /* Frameworks */,
			);
			sourceTree = "<group>";
		};
		E8A1ADD628EBDD1600A360FA /* Products */ = {
			isa = PBXGroup;
			children = (
				E8A1ADD528EBDD1600A360FA /* own-exhibition.app */,
				E8A1ADEB28EBDD1900A360FA /* own-exhibitionTests.xctest */,
				E8A1ADF528EBDD1900A360FA /* own-exhibitionUITests.xctest */,
			);
			name = Products;
			sourceTree = "<group>";
		};
		E8A1ADD728EBDD1600A360FA /* own-exhibition */ = {
			isa = PBXGroup;
			children = (
				E8CA9F4228F6AA9400CF6AF2 /* Application */,
				E8BABA5628FE4FE3009482E4 /* Domain */,
				E8BABA5728FE4FE6009482E4 /* Network */,
				E8CA9F4328F6AA9700CF6AF2 /* Presentation */,
				E8BABA5828FE4FF4009482E4 /* Repositories */,
				E8CA9F4628F6AAB700CF6AF2 /* Resources */,
				E805F2BC2901952400D75FA3 /* Utils */,
			);
			path = "own-exhibition";
			sourceTree = "<group>";
		};
		E8A1ADEE28EBDD1900A360FA /* own-exhibitionTests */ = {
			isa = PBXGroup;
			children = (
				E8A1ADEF28EBDD1900A360FA /* own_exhibitionTests.swift */,
			);
			path = "own-exhibitionTests";
			sourceTree = "<group>";
		};
		E8A1ADF828EBDD1900A360FA /* own-exhibitionUITests */ = {
			isa = PBXGroup;
			children = (
				E8A1ADF928EBDD1900A360FA /* own_exhibitionUITests.swift */,
				E8A1ADFB28EBDD1900A360FA /* own_exhibitionUITestsLaunchTests.swift */,
			);
			path = "own-exhibitionUITests";
			sourceTree = "<group>";
		};
		E8BABA5028FE4E22009482E4 /* Home */ = {
			isa = PBXGroup;
			children = (
				E8A1ADDE28EBDD1600A360FA /* Home.storyboard */,
				E8A1ADDC28EBDD1600A360FA /* HomeViewController.swift */,
				E805F2AB2901528000D75FA3 /* HomeViewModel.swift */,
			);
			path = Home;
			sourceTree = "<group>";
		};
		E8BABA5228FE4E2E009482E4 /* Login */ = {
			isa = PBXGroup;
			children = (
			);
			path = Login;
			sourceTree = "<group>";
		};
		E8BABA5328FE4E30009482E4 /* SignUp */ = {
			isa = PBXGroup;
			children = (
			);
			path = SignUp;
			sourceTree = "<group>";
		};
		E8BABA5428FE4E4B009482E4 /* ExhibitionDetail */ = {
			isa = PBXGroup;
			children = (
			);
			path = ExhibitionDetail;
			sourceTree = "<group>";
		};
		E8BABA5528FE4EFF009482E4 /* WishList */ = {
			isa = PBXGroup;
			children = (
			);
			path = WishList;
			sourceTree = "<group>";
		};
		E8BABA5628FE4FE3009482E4 /* Domain */ = {
			isa = PBXGroup;
			children = (
				E805F2BB2901944E00D75FA3 /* Entities */,
			);
			path = Domain;
			sourceTree = "<group>";
		};
		E8BABA5728FE4FE6009482E4 /* Network */ = {
			isa = PBXGroup;
			children = (
			);
			path = Network;
			sourceTree = "<group>";
		};
		E8BABA5828FE4FF4009482E4 /* Repositories */ = {
			isa = PBXGroup;
			children = (
			);
			path = Repositories;
			sourceTree = "<group>";
		};
		E8BABA5A28FE5022009482E4 /* Common */ = {
			isa = PBXGroup;
			children = (
				E805F2BF2901972800D75FA3 /* Cell */,
				E805F2B8290187FB00D75FA3 /* TabBarController */,
				E805F2B3290187D100D75FA3 /* Protocols */,
				68A26164290DB4D10036DF42 /* Extension_UIView.swift */,
			);
			path = Common;
			sourceTree = "<group>";
		};
		E8CA9F4228F6AA9400CF6AF2 /* Application */ = {
			isa = PBXGroup;
			children = (
				E8A1ADD828EBDD1600A360FA /* AppDelegate.swift */,
				E8A1ADDA28EBDD1600A360FA /* SceneDelegate.swift */,
			);
			path = Application;
			sourceTree = "<group>";
		};
		E8CA9F4328F6AA9700CF6AF2 /* Presentation */ = {
			isa = PBXGroup;
			children = (
				E8BABA5A28FE5022009482E4 /* Common */,
				E8CA9F4428F6AAAD00CF6AF2 /* Scenes */,
			);
			path = Presentation;
			sourceTree = "<group>";
		};
		E8CA9F4428F6AAAD00CF6AF2 /* Scenes */ = {
			isa = PBXGroup;
			children = (
				E8BABA5428FE4E4B009482E4 /* ExhibitionDetail */,
				E8BABA5028FE4E22009482E4 /* Home */,
				E8BABA5228FE4E2E009482E4 /* Login */,
				6893BBAB290FE54B0064226D /* MyPage */,
				E8BABA5328FE4E30009482E4 /* SignUp */,
				E8BABA5528FE4EFF009482E4 /* WishList */,
			);
			path = Scenes;
			sourceTree = "<group>";
		};
		E8CA9F4628F6AAB700CF6AF2 /* Resources */ = {
			isa = PBXGroup;
			children = (
				E8A1ADE128EBDD1800A360FA /* Assets.xcassets */,
				E8A1ADE328EBDD1800A360FA /* LaunchScreen.storyboard */,
				E8A1ADE628EBDD1800A360FA /* Info.plist */,
			);
			path = Resources;
			sourceTree = "<group>";
		};
/* End PBXGroup section */

/* Begin PBXNativeTarget section */
		E8A1ADD428EBDD1600A360FA /* own-exhibition */ = {
			isa = PBXNativeTarget;
			buildConfigurationList = E8A1ADFF28EBDD1900A360FA /* Build configuration list for PBXNativeTarget "own-exhibition" */;
			buildPhases = (
				12F29478040637AEF17882D0 /* [CP] Check Pods Manifest.lock */,
				E8A1ADD128EBDD1600A360FA /* Sources */,
				E8A1ADD228EBDD1600A360FA /* Frameworks */,
				E8A1ADD328EBDD1600A360FA /* Resources */,
				FEDC3FA4A05519715ED433FB /* [CP] Embed Pods Frameworks */,
			);
			buildRules = (
			);
			dependencies = (
			);
			name = "own-exhibition";
			productName = "own-exhibition";
			productReference = E8A1ADD528EBDD1600A360FA /* own-exhibition.app */;
			productType = "com.apple.product-type.application";
		};
		E8A1ADEA28EBDD1900A360FA /* own-exhibitionTests */ = {
			isa = PBXNativeTarget;
			buildConfigurationList = E8A1AE0228EBDD1900A360FA /* Build configuration list for PBXNativeTarget "own-exhibitionTests" */;
			buildPhases = (
				CE2A3DB604DE924CBE7CD964 /* [CP] Check Pods Manifest.lock */,
				E8A1ADE728EBDD1900A360FA /* Sources */,
				E8A1ADE828EBDD1900A360FA /* Frameworks */,
				E8A1ADE928EBDD1900A360FA /* Resources */,
			);
			buildRules = (
			);
			dependencies = (
				E8A1ADED28EBDD1900A360FA /* PBXTargetDependency */,
			);
			name = "own-exhibitionTests";
			productName = "own-exhibitionTests";
			productReference = E8A1ADEB28EBDD1900A360FA /* own-exhibitionTests.xctest */;
			productType = "com.apple.product-type.bundle.unit-test";
		};
		E8A1ADF428EBDD1900A360FA /* own-exhibitionUITests */ = {
			isa = PBXNativeTarget;
			buildConfigurationList = E8A1AE0528EBDD1900A360FA /* Build configuration list for PBXNativeTarget "own-exhibitionUITests" */;
			buildPhases = (
				F4FCC599471EBE84CB6BECF6 /* [CP] Check Pods Manifest.lock */,
				E8A1ADF128EBDD1900A360FA /* Sources */,
				E8A1ADF228EBDD1900A360FA /* Frameworks */,
				E8A1ADF328EBDD1900A360FA /* Resources */,
				995BBCF98E54FC4C31085AAA /* [CP] Embed Pods Frameworks */,
			);
			buildRules = (
			);
			dependencies = (
				E8A1ADF728EBDD1900A360FA /* PBXTargetDependency */,
			);
			name = "own-exhibitionUITests";
			productName = "own-exhibitionUITests";
			productReference = E8A1ADF528EBDD1900A360FA /* own-exhibitionUITests.xctest */;
			productType = "com.apple.product-type.bundle.ui-testing";
		};
/* End PBXNativeTarget section */

/* Begin PBXProject section */
		E8A1ADCD28EBDD1600A360FA /* Project object */ = {
			isa = PBXProject;
			attributes = {
				BuildIndependentTargetsInParallel = 1;
				LastSwiftUpdateCheck = 1340;
				LastUpgradeCheck = 1340;
				TargetAttributes = {
					E8A1ADD428EBDD1600A360FA = {
						CreatedOnToolsVersion = 13.4.1;
					};
					E8A1ADEA28EBDD1900A360FA = {
						CreatedOnToolsVersion = 13.4.1;
						TestTargetID = E8A1ADD428EBDD1600A360FA;
					};
					E8A1ADF428EBDD1900A360FA = {
						CreatedOnToolsVersion = 13.4.1;
						TestTargetID = E8A1ADD428EBDD1600A360FA;
					};
				};
			};
			buildConfigurationList = E8A1ADD028EBDD1600A360FA /* Build configuration list for PBXProject "own-exhibition" */;
			compatibilityVersion = "Xcode 13.0";
			developmentRegion = en;
			hasScannedForEncodings = 0;
			knownRegions = (
				en,
				Base,
			);
			mainGroup = E8A1ADCC28EBDD1600A360FA;
			productRefGroup = E8A1ADD628EBDD1600A360FA /* Products */;
			projectDirPath = "";
			projectRoot = "";
			targets = (
				E8A1ADD428EBDD1600A360FA /* own-exhibition */,
				E8A1ADEA28EBDD1900A360FA /* own-exhibitionTests */,
				E8A1ADF428EBDD1900A360FA /* own-exhibitionUITests */,
			);
		};
/* End PBXProject section */

/* Begin PBXResourcesBuildPhase section */
		E8A1ADD328EBDD1600A360FA /* Resources */ = {
			isa = PBXResourcesBuildPhase;
			buildActionMask = 2147483647;
			files = (
				E8A1ADE528EBDD1800A360FA /* LaunchScreen.storyboard in Resources */,
				E8A1ADE228EBDD1800A360FA /* Assets.xcassets in Resources */,
				E805F2C32901977300D75FA3 /* ExhibitionTableViewCell.xib in Resources */,
				E8A1ADE028EBDD1600A360FA /* Home.storyboard in Resources */,
				68B54471290D2B8F00A9F71A /* MyPage.storyboard in Resources */,
			);
			runOnlyForDeploymentPostprocessing = 0;
		};
		E8A1ADE928EBDD1900A360FA /* Resources */ = {
			isa = PBXResourcesBuildPhase;
			buildActionMask = 2147483647;
			files = (
			);
			runOnlyForDeploymentPostprocessing = 0;
		};
		E8A1ADF328EBDD1900A360FA /* Resources */ = {
			isa = PBXResourcesBuildPhase;
			buildActionMask = 2147483647;
			files = (
			);
			runOnlyForDeploymentPostprocessing = 0;
		};
/* End PBXResourcesBuildPhase section */

/* Begin PBXShellScriptBuildPhase section */
		12F29478040637AEF17882D0 /* [CP] Check Pods Manifest.lock */ = {
			isa = PBXShellScriptBuildPhase;
			buildActionMask = 2147483647;
			files = (
			);
			inputFileListPaths = (
			);
			inputPaths = (
				"${PODS_PODFILE_DIR_PATH}/Podfile.lock",
				"${PODS_ROOT}/Manifest.lock",
			);
			name = "[CP] Check Pods Manifest.lock";
			outputFileListPaths = (
			);
			outputPaths = (
				"$(DERIVED_FILE_DIR)/Pods-own-exhibition-checkManifestLockResult.txt",
			);
			runOnlyForDeploymentPostprocessing = 0;
			shellPath = /bin/sh;
			shellScript = "diff \"${PODS_PODFILE_DIR_PATH}/Podfile.lock\" \"${PODS_ROOT}/Manifest.lock\" > /dev/null\nif [ $? != 0 ] ; then\n    # print error to STDERR\n    echo \"error: The sandbox is not in sync with the Podfile.lock. Run 'pod install' or update your CocoaPods installation.\" >&2\n    exit 1\nfi\n# This output is used by Xcode 'outputs' to avoid re-running this script phase.\necho \"SUCCESS\" > \"${SCRIPT_OUTPUT_FILE_0}\"\n";
			showEnvVarsInLog = 0;
		};
		995BBCF98E54FC4C31085AAA /* [CP] Embed Pods Frameworks */ = {
			isa = PBXShellScriptBuildPhase;
			buildActionMask = 2147483647;
			files = (
			);
			inputFileListPaths = (
				"${PODS_ROOT}/Target Support Files/Pods-own-exhibition-own-exhibitionUITests/Pods-own-exhibition-own-exhibitionUITests-frameworks-${CONFIGURATION}-input-files.xcfilelist",
			);
			name = "[CP] Embed Pods Frameworks";
			outputFileListPaths = (
				"${PODS_ROOT}/Target Support Files/Pods-own-exhibition-own-exhibitionUITests/Pods-own-exhibition-own-exhibitionUITests-frameworks-${CONFIGURATION}-output-files.xcfilelist",
			);
			runOnlyForDeploymentPostprocessing = 0;
			shellPath = /bin/sh;
			shellScript = "\"${PODS_ROOT}/Target Support Files/Pods-own-exhibition-own-exhibitionUITests/Pods-own-exhibition-own-exhibitionUITests-frameworks.sh\"\n";
			showEnvVarsInLog = 0;
		};
		CE2A3DB604DE924CBE7CD964 /* [CP] Check Pods Manifest.lock */ = {
			isa = PBXShellScriptBuildPhase;
			buildActionMask = 2147483647;
			files = (
			);
			inputFileListPaths = (
			);
			inputPaths = (
				"${PODS_PODFILE_DIR_PATH}/Podfile.lock",
				"${PODS_ROOT}/Manifest.lock",
			);
			name = "[CP] Check Pods Manifest.lock";
			outputFileListPaths = (
			);
			outputPaths = (
				"$(DERIVED_FILE_DIR)/Pods-own-exhibitionTests-checkManifestLockResult.txt",
			);
			runOnlyForDeploymentPostprocessing = 0;
			shellPath = /bin/sh;
			shellScript = "diff \"${PODS_PODFILE_DIR_PATH}/Podfile.lock\" \"${PODS_ROOT}/Manifest.lock\" > /dev/null\nif [ $? != 0 ] ; then\n    # print error to STDERR\n    echo \"error: The sandbox is not in sync with the Podfile.lock. Run 'pod install' or update your CocoaPods installation.\" >&2\n    exit 1\nfi\n# This output is used by Xcode 'outputs' to avoid re-running this script phase.\necho \"SUCCESS\" > \"${SCRIPT_OUTPUT_FILE_0}\"\n";
			showEnvVarsInLog = 0;
		};
		F4FCC599471EBE84CB6BECF6 /* [CP] Check Pods Manifest.lock */ = {
			isa = PBXShellScriptBuildPhase;
			buildActionMask = 2147483647;
			files = (
			);
			inputFileListPaths = (
			);
			inputPaths = (
				"${PODS_PODFILE_DIR_PATH}/Podfile.lock",
				"${PODS_ROOT}/Manifest.lock",
			);
			name = "[CP] Check Pods Manifest.lock";
			outputFileListPaths = (
			);
			outputPaths = (
				"$(DERIVED_FILE_DIR)/Pods-own-exhibition-own-exhibitionUITests-checkManifestLockResult.txt",
			);
			runOnlyForDeploymentPostprocessing = 0;
			shellPath = /bin/sh;
			shellScript = "diff \"${PODS_PODFILE_DIR_PATH}/Podfile.lock\" \"${PODS_ROOT}/Manifest.lock\" > /dev/null\nif [ $? != 0 ] ; then\n    # print error to STDERR\n    echo \"error: The sandbox is not in sync with the Podfile.lock. Run 'pod install' or update your CocoaPods installation.\" >&2\n    exit 1\nfi\n# This output is used by Xcode 'outputs' to avoid re-running this script phase.\necho \"SUCCESS\" > \"${SCRIPT_OUTPUT_FILE_0}\"\n";
			showEnvVarsInLog = 0;
		};
		FEDC3FA4A05519715ED433FB /* [CP] Embed Pods Frameworks */ = {
			isa = PBXShellScriptBuildPhase;
			buildActionMask = 2147483647;
			files = (
			);
			inputFileListPaths = (
				"${PODS_ROOT}/Target Support Files/Pods-own-exhibition/Pods-own-exhibition-frameworks-${CONFIGURATION}-input-files.xcfilelist",
			);
			name = "[CP] Embed Pods Frameworks";
			outputFileListPaths = (
				"${PODS_ROOT}/Target Support Files/Pods-own-exhibition/Pods-own-exhibition-frameworks-${CONFIGURATION}-output-files.xcfilelist",
			);
			runOnlyForDeploymentPostprocessing = 0;
			shellPath = /bin/sh;
			shellScript = "\"${PODS_ROOT}/Target Support Files/Pods-own-exhibition/Pods-own-exhibition-frameworks.sh\"\n";
			showEnvVarsInLog = 0;
		};
/* End PBXShellScriptBuildPhase section */

/* Begin PBXSourcesBuildPhase section */
		E8A1ADD128EBDD1600A360FA /* Sources */ = {
			isa = PBXSourcesBuildPhase;
			buildActionMask = 2147483647;
			files = (
				E805F2C72901AAFC00D75FA3 /* Reusable.swift in Sources */,
				E8A1ADDD28EBDD1600A360FA /* HomeViewController.swift in Sources */,
				E8A1ADD928EBDD1600A360FA /* AppDelegate.swift in Sources */,
				E805F2C22901977300D75FA3 /* ExhibitionTableViewCell.swift in Sources */,
				E805F2BE2901959E00D75FA3 /* GeoCoordinate.swift in Sources */,
				68B54473290D2BA000A9F71A /* MyPageViewController.swift in Sources */,
				E805F2B0290159DA00D75FA3 /* Instantiatable.swift in Sources */,
				E805F2B6290187F700D75FA3 /* MainTabBarController.swift in Sources */,
				E8A1ADDB28EBDD1600A360FA /* SceneDelegate.swift in Sources */,
				68A26165290DB4D10036DF42 /* Extension_UIView.swift in Sources */,
				E805F2AE290152A200D75FA3 /* ViewModelType.swift in Sources */,
				E805F2BA2901944800D75FA3 /* Exhibition.swift in Sources */,
				E805F2AC2901528000D75FA3 /* HomeViewModel.swift in Sources */,
				68B54475290D2BB500A9F71A /* MyPageViewModel.swift in Sources */,
			);
			runOnlyForDeploymentPostprocessing = 0;
		};
		E8A1ADE728EBDD1900A360FA /* Sources */ = {
			isa = PBXSourcesBuildPhase;
			buildActionMask = 2147483647;
			files = (
				E8A1ADF028EBDD1900A360FA /* own_exhibitionTests.swift in Sources */,
			);
			runOnlyForDeploymentPostprocessing = 0;
		};
		E8A1ADF128EBDD1900A360FA /* Sources */ = {
			isa = PBXSourcesBuildPhase;
			buildActionMask = 2147483647;
			files = (
				E8A1ADFC28EBDD1900A360FA /* own_exhibitionUITestsLaunchTests.swift in Sources */,
				E8A1ADFA28EBDD1900A360FA /* own_exhibitionUITests.swift in Sources */,
			);
			runOnlyForDeploymentPostprocessing = 0;
		};
/* End PBXSourcesBuildPhase section */

/* Begin PBXTargetDependency section */
		E8A1ADED28EBDD1900A360FA /* PBXTargetDependency */ = {
			isa = PBXTargetDependency;
			target = E8A1ADD428EBDD1600A360FA /* own-exhibition */;
			targetProxy = E8A1ADEC28EBDD1900A360FA /* PBXContainerItemProxy */;
		};
		E8A1ADF728EBDD1900A360FA /* PBXTargetDependency */ = {
			isa = PBXTargetDependency;
			target = E8A1ADD428EBDD1600A360FA /* own-exhibition */;
			targetProxy = E8A1ADF628EBDD1900A360FA /* PBXContainerItemProxy */;
		};
/* End PBXTargetDependency section */

/* Begin PBXVariantGroup section */
		E8A1ADDE28EBDD1600A360FA /* Home.storyboard */ = {
			isa = PBXVariantGroup;
			children = (
				E8A1ADDF28EBDD1600A360FA /* Base */,
			);
			name = Home.storyboard;
			sourceTree = "<group>";
		};
		E8A1ADE328EBDD1800A360FA /* LaunchScreen.storyboard */ = {
			isa = PBXVariantGroup;
			children = (
				E8A1ADE428EBDD1800A360FA /* Base */,
			);
			name = LaunchScreen.storyboard;
			sourceTree = "<group>";
		};
/* End PBXVariantGroup section */

/* Begin XCBuildConfiguration section */
		E8A1ADFD28EBDD1900A360FA /* Debug */ = {
			isa = XCBuildConfiguration;
			buildSettings = {
				ALWAYS_SEARCH_USER_PATHS = NO;
				CLANG_ANALYZER_NONNULL = YES;
				CLANG_ANALYZER_NUMBER_OBJECT_CONVERSION = YES_AGGRESSIVE;
				CLANG_CXX_LANGUAGE_STANDARD = "gnu++17";
				CLANG_ENABLE_MODULES = YES;
				CLANG_ENABLE_OBJC_ARC = YES;
				CLANG_ENABLE_OBJC_WEAK = YES;
				CLANG_WARN_BLOCK_CAPTURE_AUTORELEASING = YES;
				CLANG_WARN_BOOL_CONVERSION = YES;
				CLANG_WARN_COMMA = YES;
				CLANG_WARN_CONSTANT_CONVERSION = YES;
				CLANG_WARN_DEPRECATED_OBJC_IMPLEMENTATIONS = YES;
				CLANG_WARN_DIRECT_OBJC_ISA_USAGE = YES_ERROR;
				CLANG_WARN_DOCUMENTATION_COMMENTS = YES;
				CLANG_WARN_EMPTY_BODY = YES;
				CLANG_WARN_ENUM_CONVERSION = YES;
				CLANG_WARN_INFINITE_RECURSION = YES;
				CLANG_WARN_INT_CONVERSION = YES;
				CLANG_WARN_NON_LITERAL_NULL_CONVERSION = YES;
				CLANG_WARN_OBJC_IMPLICIT_RETAIN_SELF = YES;
				CLANG_WARN_OBJC_LITERAL_CONVERSION = YES;
				CLANG_WARN_OBJC_ROOT_CLASS = YES_ERROR;
				CLANG_WARN_QUOTED_INCLUDE_IN_FRAMEWORK_HEADER = YES;
				CLANG_WARN_RANGE_LOOP_ANALYSIS = YES;
				CLANG_WARN_STRICT_PROTOTYPES = YES;
				CLANG_WARN_SUSPICIOUS_MOVE = YES;
				CLANG_WARN_UNGUARDED_AVAILABILITY = YES_AGGRESSIVE;
				CLANG_WARN_UNREACHABLE_CODE = YES;
				CLANG_WARN__DUPLICATE_METHOD_MATCH = YES;
				COPY_PHASE_STRIP = NO;
				DEBUG_INFORMATION_FORMAT = dwarf;
				ENABLE_STRICT_OBJC_MSGSEND = YES;
				ENABLE_TESTABILITY = YES;
				GCC_C_LANGUAGE_STANDARD = gnu11;
				GCC_DYNAMIC_NO_PIC = NO;
				GCC_NO_COMMON_BLOCKS = YES;
				GCC_OPTIMIZATION_LEVEL = 0;
				GCC_PREPROCESSOR_DEFINITIONS = (
					"DEBUG=1",
					"$(inherited)",
				);
				GCC_WARN_64_TO_32_BIT_CONVERSION = YES;
				GCC_WARN_ABOUT_RETURN_TYPE = YES_ERROR;
				GCC_WARN_UNDECLARED_SELECTOR = YES;
				GCC_WARN_UNINITIALIZED_AUTOS = YES_AGGRESSIVE;
				GCC_WARN_UNUSED_FUNCTION = YES;
				GCC_WARN_UNUSED_VARIABLE = YES;
				IPHONEOS_DEPLOYMENT_TARGET = 15.0;
				MTL_ENABLE_DEBUG_INFO = INCLUDE_SOURCE;
				MTL_FAST_MATH = YES;
				ONLY_ACTIVE_ARCH = YES;
				SDKROOT = iphoneos;
				SWIFT_ACTIVE_COMPILATION_CONDITIONS = DEBUG;
				SWIFT_OPTIMIZATION_LEVEL = "-Onone";
			};
			name = Debug;
		};
		E8A1ADFE28EBDD1900A360FA /* Release */ = {
			isa = XCBuildConfiguration;
			buildSettings = {
				ALWAYS_SEARCH_USER_PATHS = NO;
				CLANG_ANALYZER_NONNULL = YES;
				CLANG_ANALYZER_NUMBER_OBJECT_CONVERSION = YES_AGGRESSIVE;
				CLANG_CXX_LANGUAGE_STANDARD = "gnu++17";
				CLANG_ENABLE_MODULES = YES;
				CLANG_ENABLE_OBJC_ARC = YES;
				CLANG_ENABLE_OBJC_WEAK = YES;
				CLANG_WARN_BLOCK_CAPTURE_AUTORELEASING = YES;
				CLANG_WARN_BOOL_CONVERSION = YES;
				CLANG_WARN_COMMA = YES;
				CLANG_WARN_CONSTANT_CONVERSION = YES;
				CLANG_WARN_DEPRECATED_OBJC_IMPLEMENTATIONS = YES;
				CLANG_WARN_DIRECT_OBJC_ISA_USAGE = YES_ERROR;
				CLANG_WARN_DOCUMENTATION_COMMENTS = YES;
				CLANG_WARN_EMPTY_BODY = YES;
				CLANG_WARN_ENUM_CONVERSION = YES;
				CLANG_WARN_INFINITE_RECURSION = YES;
				CLANG_WARN_INT_CONVERSION = YES;
				CLANG_WARN_NON_LITERAL_NULL_CONVERSION = YES;
				CLANG_WARN_OBJC_IMPLICIT_RETAIN_SELF = YES;
				CLANG_WARN_OBJC_LITERAL_CONVERSION = YES;
				CLANG_WARN_OBJC_ROOT_CLASS = YES_ERROR;
				CLANG_WARN_QUOTED_INCLUDE_IN_FRAMEWORK_HEADER = YES;
				CLANG_WARN_RANGE_LOOP_ANALYSIS = YES;
				CLANG_WARN_STRICT_PROTOTYPES = YES;
				CLANG_WARN_SUSPICIOUS_MOVE = YES;
				CLANG_WARN_UNGUARDED_AVAILABILITY = YES_AGGRESSIVE;
				CLANG_WARN_UNREACHABLE_CODE = YES;
				CLANG_WARN__DUPLICATE_METHOD_MATCH = YES;
				COPY_PHASE_STRIP = NO;
				DEBUG_INFORMATION_FORMAT = "dwarf-with-dsym";
				ENABLE_NS_ASSERTIONS = NO;
				ENABLE_STRICT_OBJC_MSGSEND = YES;
				GCC_C_LANGUAGE_STANDARD = gnu11;
				GCC_NO_COMMON_BLOCKS = YES;
				GCC_WARN_64_TO_32_BIT_CONVERSION = YES;
				GCC_WARN_ABOUT_RETURN_TYPE = YES_ERROR;
				GCC_WARN_UNDECLARED_SELECTOR = YES;
				GCC_WARN_UNINITIALIZED_AUTOS = YES_AGGRESSIVE;
				GCC_WARN_UNUSED_FUNCTION = YES;
				GCC_WARN_UNUSED_VARIABLE = YES;
				IPHONEOS_DEPLOYMENT_TARGET = 15.0;
				MTL_ENABLE_DEBUG_INFO = NO;
				MTL_FAST_MATH = YES;
				SDKROOT = iphoneos;
				SWIFT_ACTIVE_COMPILATION_CONDITIONS = RELEASE;
				SWIFT_COMPILATION_MODE = wholemodule;
				SWIFT_OPTIMIZATION_LEVEL = "-O";
				VALIDATE_PRODUCT = YES;
			};
			name = Release;
		};
		E8A1AE0028EBDD1900A360FA /* Debug */ = {
			isa = XCBuildConfiguration;
			baseConfigurationReference = 0DB22A055785C1255AEF29FB /* Pods-own-exhibition.debug.xcconfig */;
			buildSettings = {
				ASSETCATALOG_COMPILER_APPICON_NAME = AppIcon;
				ASSETCATALOG_COMPILER_GLOBAL_ACCENT_COLOR_NAME = AccentColor;
				CODE_SIGN_STYLE = Automatic;
				CURRENT_PROJECT_VERSION = 1;
				DEVELOPMENT_TEAM = 2AVC8X7323;
				GENERATE_INFOPLIST_FILE = YES;
				INFOPLIST_FILE = "own-exhibition/Resources/Info.plist";
				INFOPLIST_KEY_UIApplicationSupportsIndirectInputEvents = YES;
				INFOPLIST_KEY_UILaunchStoryboardName = LaunchScreen;
				INFOPLIST_KEY_UIMainStoryboardFile = "";
				INFOPLIST_KEY_UISupportedInterfaceOrientations = UIInterfaceOrientationPortrait;
				INFOPLIST_KEY_UISupportedInterfaceOrientations_iPad = "UIInterfaceOrientationPortrait UIInterfaceOrientationPortraitUpsideDown UIInterfaceOrientationLandscapeLeft UIInterfaceOrientationLandscapeRight";
				INFOPLIST_KEY_UISupportedInterfaceOrientations_iPhone = "UIInterfaceOrientationPortrait UIInterfaceOrientationLandscapeLeft UIInterfaceOrientationLandscapeRight";
				IPHONEOS_DEPLOYMENT_TARGET = 15.0;
				LD_RUNPATH_SEARCH_PATHS = (
					"$(inherited)",
					"@executable_path/Frameworks",
				);
				MARKETING_VERSION = 1.0;
				PRODUCT_BUNDLE_IDENTIFIER = "Induk-Capstone-Culture-island.own-exhibition";
				PRODUCT_NAME = "$(TARGET_NAME)";
				SWIFT_EMIT_LOC_STRINGS = YES;
				SWIFT_VERSION = 5.0;
				TARGETED_DEVICE_FAMILY = 1;
			};
			name = Debug;
		};
		E8A1AE0128EBDD1900A360FA /* Release */ = {
			isa = XCBuildConfiguration;
			baseConfigurationReference = E5E722FB0506808F9D489C0D /* Pods-own-exhibition.release.xcconfig */;
			buildSettings = {
				ASSETCATALOG_COMPILER_APPICON_NAME = AppIcon;
				ASSETCATALOG_COMPILER_GLOBAL_ACCENT_COLOR_NAME = AccentColor;
				CODE_SIGN_STYLE = Automatic;
				CURRENT_PROJECT_VERSION = 1;
				DEVELOPMENT_TEAM = 2AVC8X7323;
				GENERATE_INFOPLIST_FILE = YES;
				INFOPLIST_FILE = "own-exhibition/Resources/Info.plist";
				INFOPLIST_KEY_UIApplicationSupportsIndirectInputEvents = YES;
				INFOPLIST_KEY_UILaunchStoryboardName = LaunchScreen;
				INFOPLIST_KEY_UIMainStoryboardFile = "";
				INFOPLIST_KEY_UISupportedInterfaceOrientations = UIInterfaceOrientationPortrait;
				INFOPLIST_KEY_UISupportedInterfaceOrientations_iPad = "UIInterfaceOrientationPortrait UIInterfaceOrientationPortraitUpsideDown UIInterfaceOrientationLandscapeLeft UIInterfaceOrientationLandscapeRight";
				INFOPLIST_KEY_UISupportedInterfaceOrientations_iPhone = "UIInterfaceOrientationPortrait UIInterfaceOrientationLandscapeLeft UIInterfaceOrientationLandscapeRight";
				IPHONEOS_DEPLOYMENT_TARGET = 15.0;
				LD_RUNPATH_SEARCH_PATHS = (
					"$(inherited)",
					"@executable_path/Frameworks",
				);
				MARKETING_VERSION = 1.0;
				PRODUCT_BUNDLE_IDENTIFIER = "Induk-Capstone-Culture-island.own-exhibition";
				PRODUCT_NAME = "$(TARGET_NAME)";
				SWIFT_EMIT_LOC_STRINGS = YES;
				SWIFT_VERSION = 5.0;
				TARGETED_DEVICE_FAMILY = 1;
			};
			name = Release;
		};
		E8A1AE0328EBDD1900A360FA /* Debug */ = {
			isa = XCBuildConfiguration;
			baseConfigurationReference = D6E8EBDF715CB340B3AEBDF3 /* Pods-own-exhibitionTests.debug.xcconfig */;
			buildSettings = {
				ALWAYS_EMBED_SWIFT_STANDARD_LIBRARIES = YES;
				BUNDLE_LOADER = "$(TEST_HOST)";
				CODE_SIGN_STYLE = Automatic;
				CURRENT_PROJECT_VERSION = 1;
				DEVELOPMENT_TEAM = 2AVC8X7323;
				GENERATE_INFOPLIST_FILE = YES;
				IPHONEOS_DEPLOYMENT_TARGET = 15.5;
				MARKETING_VERSION = 1.0;
				PRODUCT_BUNDLE_IDENTIFIER = "Induk-Capstone-Culture-island.own-exhibitionTests";
				PRODUCT_NAME = "$(TARGET_NAME)";
				SWIFT_EMIT_LOC_STRINGS = NO;
				SWIFT_VERSION = 5.0;
				TARGETED_DEVICE_FAMILY = "1,2";
				TEST_HOST = "$(BUILT_PRODUCTS_DIR)/own-exhibition.app/own-exhibition";
			};
			name = Debug;
		};
		E8A1AE0428EBDD1900A360FA /* Release */ = {
			isa = XCBuildConfiguration;
			baseConfigurationReference = 7D80086B259071292172662B /* Pods-own-exhibitionTests.release.xcconfig */;
			buildSettings = {
				ALWAYS_EMBED_SWIFT_STANDARD_LIBRARIES = YES;
				BUNDLE_LOADER = "$(TEST_HOST)";
				CODE_SIGN_STYLE = Automatic;
				CURRENT_PROJECT_VERSION = 1;
				DEVELOPMENT_TEAM = 2AVC8X7323;
				GENERATE_INFOPLIST_FILE = YES;
				IPHONEOS_DEPLOYMENT_TARGET = 15.5;
				MARKETING_VERSION = 1.0;
				PRODUCT_BUNDLE_IDENTIFIER = "Induk-Capstone-Culture-island.own-exhibitionTests";
				PRODUCT_NAME = "$(TARGET_NAME)";
				SWIFT_EMIT_LOC_STRINGS = NO;
				SWIFT_VERSION = 5.0;
				TARGETED_DEVICE_FAMILY = "1,2";
				TEST_HOST = "$(BUILT_PRODUCTS_DIR)/own-exhibition.app/own-exhibition";
			};
			name = Release;
		};
		E8A1AE0628EBDD1900A360FA /* Debug */ = {
			isa = XCBuildConfiguration;
			baseConfigurationReference = B34BA56686DEFE9E50EACE4C /* Pods-own-exhibition-own-exhibitionUITests.debug.xcconfig */;
			buildSettings = {
				ALWAYS_EMBED_SWIFT_STANDARD_LIBRARIES = YES;
				CODE_SIGN_STYLE = Automatic;
				CURRENT_PROJECT_VERSION = 1;
				DEVELOPMENT_TEAM = 2AVC8X7323;
				GENERATE_INFOPLIST_FILE = YES;
				MARKETING_VERSION = 1.0;
				PRODUCT_BUNDLE_IDENTIFIER = "Induk-Capstone-Culture-island.own-exhibitionUITests";
				PRODUCT_NAME = "$(TARGET_NAME)";
				SWIFT_EMIT_LOC_STRINGS = NO;
				SWIFT_VERSION = 5.0;
				TARGETED_DEVICE_FAMILY = "1,2";
				TEST_TARGET_NAME = "own-exhibition";
			};
			name = Debug;
		};
		E8A1AE0728EBDD1900A360FA /* Release */ = {
			isa = XCBuildConfiguration;
			baseConfigurationReference = B1C0DEA57AE1F31E20FFB3F8 /* Pods-own-exhibition-own-exhibitionUITests.release.xcconfig */;
			buildSettings = {
				ALWAYS_EMBED_SWIFT_STANDARD_LIBRARIES = YES;
				CODE_SIGN_STYLE = Automatic;
				CURRENT_PROJECT_VERSION = 1;
				DEVELOPMENT_TEAM = 2AVC8X7323;
				GENERATE_INFOPLIST_FILE = YES;
				MARKETING_VERSION = 1.0;
				PRODUCT_BUNDLE_IDENTIFIER = "Induk-Capstone-Culture-island.own-exhibitionUITests";
				PRODUCT_NAME = "$(TARGET_NAME)";
				SWIFT_EMIT_LOC_STRINGS = NO;
				SWIFT_VERSION = 5.0;
				TARGETED_DEVICE_FAMILY = "1,2";
				TEST_TARGET_NAME = "own-exhibition";
			};
			name = Release;
		};
/* End XCBuildConfiguration section */

/* Begin XCConfigurationList section */
		E8A1ADD028EBDD1600A360FA /* Build configuration list for PBXProject "own-exhibition" */ = {
			isa = XCConfigurationList;
			buildConfigurations = (
				E8A1ADFD28EBDD1900A360FA /* Debug */,
				E8A1ADFE28EBDD1900A360FA /* Release */,
			);
			defaultConfigurationIsVisible = 0;
			defaultConfigurationName = Release;
		};
		E8A1ADFF28EBDD1900A360FA /* Build configuration list for PBXNativeTarget "own-exhibition" */ = {
			isa = XCConfigurationList;
			buildConfigurations = (
				E8A1AE0028EBDD1900A360FA /* Debug */,
				E8A1AE0128EBDD1900A360FA /* Release */,
			);
			defaultConfigurationIsVisible = 0;
			defaultConfigurationName = Release;
		};
		E8A1AE0228EBDD1900A360FA /* Build configuration list for PBXNativeTarget "own-exhibitionTests" */ = {
			isa = XCConfigurationList;
			buildConfigurations = (
				E8A1AE0328EBDD1900A360FA /* Debug */,
				E8A1AE0428EBDD1900A360FA /* Release */,
			);
			defaultConfigurationIsVisible = 0;
			defaultConfigurationName = Release;
		};
		E8A1AE0528EBDD1900A360FA /* Build configuration list for PBXNativeTarget "own-exhibitionUITests" */ = {
			isa = XCConfigurationList;
			buildConfigurations = (
				E8A1AE0628EBDD1900A360FA /* Debug */,
				E8A1AE0728EBDD1900A360FA /* Release */,
			);
			defaultConfigurationIsVisible = 0;
			defaultConfigurationName = Release;
		};
/* End XCConfigurationList section */
	};
	rootObject = E8A1ADCD28EBDD1600A360FA /* Project object */;
}
